
Microsoft Visual Studio Solution File, Format Version 12.00
# Visual Studio Version 16
VisualStudioVersion = 16.0.31112.23
MinimumVisualStudioVersion = 10.0.40219.1
Project("{9A19103F-16F7-4668-BE54-9A1E7A4F7556}") = "CompLang", "CompLang\CompLang.csproj", "{2A71A688-8574-484A-98CF-B3E2F36027C5}"
EndProject
Project("{9A19103F-16F7-4668-BE54-9A1E7A4F7556}") = "CompLang.DAL", "Dictionary.DAL\CompLang.DAL.csproj", "{C44206D9-9881-4ABF-9430-CF54432D3756}"
EndProject
Project("{9A19103F-16F7-4668-BE54-9A1E7A4F7556}") = "CompLang.BLL", "CompLang.BLL\CompLang.BLL.csproj", "{53A302A6-35EC-4EB2-B5DF-AE12F88277AB}"
EndProject
Global
	GlobalSection(SolutionConfigurationPlatforms) = preSolution
		Debug|Any CPU = Debug|Any CPU
		Release|Any CPU = Release|Any CPU
	EndGlobalSection
	GlobalSection(ProjectConfigurationPlatforms) = postSolution
		{2A71A688-8574-484A-98CF-B3E2F36027C5}.Debug|Any CPU.ActiveCfg = Debug|Any CPU
		{2A71A688-8574-484A-98CF-B3E2F36027C5}.Debug|Any CPU.Build.0 = Debug|Any CPU
		{2A71A688-8574-484A-98CF-B3E2F36027C5}.Release|Any CPU.ActiveCfg = Release|Any CPU
		{2A71A688-8574-484A-98CF-B3E2F36027C5}.Release|Any CPU.Build.0 = Release|Any CPU
		{C44206D9-9881-4ABF-9430-CF54432D3756}.Debug|Any CPU.ActiveCfg = Debug|Any CPU
		{C44206D9-9881-4ABF-9430-CF54432D3756}.Debug|Any CPU.Build.0 = Debug|Any CPU
		{C44206D9-9881-4ABF-9430-CF54432D3756}.Release|Any CPU.ActiveCfg = Release|Any CPU
		{C44206D9-9881-4ABF-9430-CF54432D3756}.Release|Any CPU.Build.0 = Release|Any CPU
		{53A302A6-35EC-4EB2-B5DF-AE12F88277AB}.Debug|Any CPU.ActiveCfg = Debug|Any CPU
		{53A302A6-35EC-4EB2-B5DF-AE12F88277AB}.Debug|Any CPU.Build.0 = Debug|Any CPU
		{53A302A6-35EC-4EB2-B5DF-AE12F88277AB}.Release|Any CPU.ActiveCfg = Release|Any CPU
		{53A302A6-35EC-4EB2-B5DF-AE12F88277AB}.Release|Any CPU.Build.0 = Release|Any CPU
	EndGlobalSection
	GlobalSection(SolutionProperties) = preSolution
		HideSolutionNode = FALSE
	EndGlobalSection
	GlobalSection(ExtensibilityGlobals) = postSolution
		SolutionGuid = {72648C06-79D1-4F11-AC12-05AA4A845609}
	EndGlobalSection
EndGlobal
